
Microsoft Visual Studio Solution File, Format Version 12.00
# Visual Studio Version 16
VisualStudioVersion = 25.0.1700.6
MinimumVisualStudioVersion = 10.0.40219.1
Project("{FAE04EC0-301F-11D3-BF4B-00C04F79EFBC}") = "ContentUploader", "ContentUploader.csproj", "{6C557140-9746-4316-B674-CB2A91AF647E}"
EndProject
Global
	GlobalSection(SolutionConfigurationPlatforms) = preSolution
		Debug|Any CPU = Debug|Any CPU
		Release|Any CPU = Release|Any CPU
	EndGlobalSection
	GlobalSection(ProjectConfigurationPlatforms) = postSolution
		{6C557140-9746-4316-B674-CB2A91AF647E}.Debug|Any CPU.ActiveCfg = Debug|Any CPU
		{6C557140-9746-4316-B674-CB2A91AF647E}.Debug|Any CPU.Build.0 = Debug|Any CPU
		{6C557140-9746-4316-B674-CB2A91AF647E}.Release|Any CPU.ActiveCfg = Release|Any CPU
		{6C557140-9746-4316-B674-CB2A91AF647E}.Release|Any CPU.Build.0 = Release|Any CPU
	EndGlobalSection
	GlobalSection(SolutionProperties) = preSolution
		HideSolutionNode = FALSE
	EndGlobalSection
	GlobalSection(ExtensibilityGlobals) = postSolution
		SolutionGuid = {58BFE7CB-9173-4AE1-AD81-61E456F9E9CE}
	EndGlobalSection
EndGlobal
